
Microsoft Visual Studio Solution File, Format Version 12.00
# Visual Studio Version 17
VisualStudioVersion = 17.3.32922.545
MinimumVisualStudioVersion = 10.0.40219.1
Project("{FAE04EC0-301F-11D3-BF4B-00C04F79EFBC}") = "SatisfactorySaveEditor-Reloaded", "SatisfactorySaveEditor-Reloaded\SatisfactorySaveEditor-Reloaded.csproj", "{6B75CF9A-4E37-4690-8EE3-128BFAF30BF4}"
EndProject
Global
	GlobalSection(SolutionConfigurationPlatforms) = preSolution
		Debug|Any CPU = Debug|Any CPU
		Release|Any CPU = Release|Any CPU
	EndGlobalSection
	GlobalSection(ProjectConfigurationPlatforms) = postSolution
		{6B75CF9A-4E37-4690-8EE3-128BFAF30BF4}.Debug|Any CPU.ActiveCfg = Debug|Any CPU
		{6B75CF9A-4E37-4690-8EE3-128BFAF30BF4}.Debug|Any CPU.Build.0 = Debug|Any CPU
		{6B75CF9A-4E37-4690-8EE3-128BFAF30BF4}.Release|Any CPU.ActiveCfg = Release|Any CPU
		{6B75CF9A-4E37-4690-8EE3-128BFAF30BF4}.Release|Any CPU.Build.0 = Release|Any CPU
	EndGlobalSection
	GlobalSection(SolutionProperties) = preSolution
		HideSolutionNode = FALSE
	EndGlobalSection
	GlobalSection(ExtensibilityGlobals) = postSolution
		SolutionGuid = {82912DA5-01A8-4681-86DE-F0C518A0DEC0}
	EndGlobalSection
EndGlobal
